
Microsoft Visual Studio Solution File, Format Version 12.00
# Visual Studio Version 16
VisualStudioVersion = 16.0.29609.76
MinimumVisualStudioVersion = 10.0.40219.1
Project("{FAE04EC0-301F-11D3-BF4B-00C04F79EFBC}") = "DiscordBotC", "DiscordBotC.csproj", "{B983BA61-FA25-43C2-8106-E6409D9C8B65}"
EndProject
Global
	GlobalSection(SolutionConfigurationPlatforms) = preSolution
		Debug|Any CPU = Debug|Any CPU
		Release|Any CPU = Release|Any CPU
	EndGlobalSection
	GlobalSection(ProjectConfigurationPlatforms) = postSolution
		{B983BA61-FA25-43C2-8106-E6409D9C8B65}.Debug|Any CPU.ActiveCfg = Debug|Any CPU
		{B983BA61-FA25-43C2-8106-E6409D9C8B65}.Debug|Any CPU.Build.0 = Debug|Any CPU
		{B983BA61-FA25-43C2-8106-E6409D9C8B65}.Release|Any CPU.ActiveCfg = Release|Any CPU
		{B983BA61-FA25-43C2-8106-E6409D9C8B65}.Release|Any CPU.Build.0 = Release|Any CPU
	EndGlobalSection
	GlobalSection(SolutionProperties) = preSolution
		HideSolutionNode = FALSE
	EndGlobalSection
	GlobalSection(ExtensibilityGlobals) = postSolution
		SolutionGuid = {41B33959-FAD9-4B51-8D9B-6E3A6FD3186D}
	EndGlobalSection
EndGlobal
